{
  "version": 4,
  "terraform_version": "1.3.8",
  "serial": 36,
  "lineage": "7fbfdbb7-6ea6-e23f-6053-9e7ee85e1111",
  "outputs": {},
  "resources": [
    {
      "mode": "managed",
      "type": "vault_auth_backend",
      "name": "userpass",
      "provider": "provider[\"registry.terraform.io/hashicorp/vault\"]",
      "instances": [
        {
          "schema_version": 1,
          "attributes": {
            "accessor": "auth_userpass_01494735",
            "description": "",
            "disable_remount": false,
            "id": "userpass",
            "local": false,
            "namespace": null,
            "path": "userpass",
            "tune": [],
            "type": "userpass"
          },
          "sensitive_attributes": [],
          "private": "eyJzY2hlbWFfdmVyc2lvbiI6IjEifQ=="
        }
      ]
    },
    {
      "mode": "managed",
      "type": "vault_generic_endpoint",
      "name": "cio",
      "provider": "provider[\"registry.terraform.io/hashicorp/vault\"]",
      "instances": [
        {
          "schema_version": 1,
          "attributes": {
            "data_json": "{\"password\":\"admin\",\"policies\":[\"venkat_policy\"]}",
            "disable_delete": false,
            "disable_read": false,
            "id": "auth/userpass/users/cio",
            "ignore_absent_fields": true,
            "namespace": null,
            "path": "auth/userpass/users/cio",
            "write_data": {},
            "write_data_json": "null",
            "write_fields": null
          },
          "sensitive_attributes": [],
          "private": "eyJzY2hlbWFfdmVyc2lvbiI6IjEifQ==",
          "dependencies": [
            "vault_auth_backend.userpass"
          ]
        }
      ]
    },
    {
      "mode": "managed",
      "type": "vault_kv_secret",
      "name": "secret",
      "provider": "provider[\"registry.terraform.io/hashicorp/vault\"]",
      "instances": [
        {
          "schema_version": 0,
          "attributes": {
            "data": {
              "clientid": "cio",
              "tenantid": "project"
            },
            "data_json": "{\"clientid\":\"cio\",\"tenantid\":\"project\"}",
            "id": "kv/secret",
            "namespace": null,
            "path": "kv/secret"
          },
          "sensitive_attributes": [],
          "private": "bnVsbA==",
          "dependencies": [
            "vault_mount.venkat"
          ]
        }
      ]
    },
    {
      "mode": "managed",
      "type": "vault_mount",
      "name": "venkat",
      "provider": "provider[\"registry.terraform.io/hashicorp/vault\"]",
      "instances": [
        {
          "schema_version": 0,
          "attributes": {
            "accessor": "generic_d548ced2",
            "allowed_managed_keys": [],
            "audit_non_hmac_request_keys": [],
            "audit_non_hmac_response_keys": [],
            "default_lease_ttl_seconds": 0,
            "description": "This is an example secret-engine",
            "external_entropy_access": false,
            "id": "kv",
            "local": false,
            "max_lease_ttl_seconds": 0,
            "namespace": null,
            "options": {},
            "path": "kv",
            "seal_wrap": false,
            "type": "generic"
          },
          "sensitive_attributes": [],
          "private": "bnVsbA=="
        }
      ]
    },
    {
      "mode": "managed",
      "type": "vault_policy",
      "name": "venkat_policy",
      "provider": "provider[\"registry.terraform.io/hashicorp/vault\"]",
      "instances": [
        {
          "schema_version": 0,
          "attributes": {
            "id": "venkat_policy",
            "name": "venkat_policy",
            "namespace": null,
            "policy": "# Manage auth methods broadly across Vault\r\npath \"auth/*\"\r\n{\r\n  capabilities = [\"create\", \"read\", \"update\", \"delete\", \"list\", \"sudo\"]\r\n}\r\n\r\n# Create, update, and delete auth methods\r\npath \"sys/auth/*\"\r\n{\r\n  capabilities = [\"create\", \"update\", \"delete\", \"sudo\"]\r\n}\r\n\r\n# List auth methods\r\npath \"sys/auth\"\r\n{\r\n  capabilities = [\"read\"]\r\n}\r\n\r\n# Create and manage ACL policies\r\npath \"sys/policies/acl/*\"\r\n{\r\n  capabilities = [\"create\", \"read\", \"update\", \"delete\", \"list\", \"sudo\"]\r\n}\r\n\r\n# List ACL policies\r\npath \"sys/policies/acl\"\r\n{\r\n  capabilities = [\"list\"]\r\n}\r\n\r\n# Create and manage secrets engines broadly across Vault.\r\npath \"sys/mounts/*\"\r\n{\r\n  capabilities = [\"create\", \"read\", \"update\", \"delete\", \"list\", \"sudo\"]\r\n}\r\n\r\n# List enabled secrets engines\r\npath \"sys/mounts\"\r\n{\r\n  capabilities = [\"read\", \"list\"]\r\n}\r\n\r\n# List, create, update, and delete key/value secrets at secret/\r\npath \"secret/*\"\r\n{\r\n  capabilities = [\"create\", \"read\", \"update\", \"delete\", \"list\", \"sudo\"]\r\n}\r\n\r\n# Manage transit secrets engine\r\npath \"transit/*\"\r\n{\r\n  capabilities = [\"create\", \"read\", \"update\", \"delete\", \"list\", \"sudo\"]\r\n}\r\n\r\n# Read health checks\r\npath \"sys/health\"\r\n{\r\n  capabilities = [\"read\", \"sudo\"]\r\n}\r\n"
          },
          "sensitive_attributes": [],
          "private": "bnVsbA=="
        }
      ]
    }
  ],
  "check_results": null
}
